# This file is automatically @generated by Cargo.
# It is not intended for manual editing.
[[package]]
name = "aoc2019"
version = "0.1.0"
dependencies = [
 "day1 0.1.0",
 "day2 0.1.0",
 "day3 0.1.0",
]

[[package]]
name = "common"
version = "0.1.0"

[[package]]
name = "day1"
version = "0.1.0"

[[package]]
name = "day2"
version = "0.1.0"
dependencies = [
 "common 0.1.0",
]

[[package]]
name = "day3"
version = "0.1.0"
dependencies = [
 "common 0.1.0",
]

